
Microsoft Visual Studio Solution File, Format Version 12.00
# Visual Studio 15
VisualStudioVersion = 15.0.28307.489
MinimumVisualStudioVersion = 10.0.40219.1
Project("{FAE04EC0-301F-11D3-BF4B-00C04F79EFBC}") = "ScrapeScteDocuments", "ScrapeScteDocuments\ScrapeScteDocuments.csproj", "{EFE21539-6CF1-42D2-9E00-BA2282C853AF}"
EndProject
Global
	GlobalSection(SolutionConfigurationPlatforms) = preSolution
		Debug|Any CPU = Debug|Any CPU
		Release|Any CPU = Release|Any CPU
	EndGlobalSection
	GlobalSection(ProjectConfigurationPlatforms) = postSolution
		{EFE21539-6CF1-42D2-9E00-BA2282C853AF}.Debug|Any CPU.ActiveCfg = Debug|Any CPU
		{EFE21539-6CF1-42D2-9E00-BA2282C853AF}.Debug|Any CPU.Build.0 = Debug|Any CPU
		{EFE21539-6CF1-42D2-9E00-BA2282C853AF}.Release|Any CPU.ActiveCfg = Release|Any CPU
		{EFE21539-6CF1-42D2-9E00-BA2282C853AF}.Release|Any CPU.Build.0 = Release|Any CPU
	EndGlobalSection
	GlobalSection(SolutionProperties) = preSolution
		HideSolutionNode = FALSE
	EndGlobalSection
	GlobalSection(ExtensibilityGlobals) = postSolution
		SolutionGuid = {BD67CAAA-BA4D-4460-8EF0-BF390D2D8279}
	EndGlobalSection
EndGlobal
